
Microsoft Visual Studio Solution File, Format Version 12.00
# Visual Studio 15
VisualStudioVersion = 15.0.26430.12
MinimumVisualStudioVersion = 10.0.40219.1
Project("{D954291E-2A0B-460D-934E-DC6B0785DB48}") = "XamCurrency", "XamCurrency\XamCurrency\XamCurrency.shproj", "{4AB02AF5-6544-4CD0-8131-B32625997675}"
EndProject
Project("{FAE04EC0-301F-11D3-BF4B-00C04F79EFBC}") = "XamCurrency.Android", "XamCurrency\XamCurrency.Android\XamCurrency.Android.csproj", "{030030A1-F608-4A89-9BAD-3ABFBCAA6BE2}"
EndProject
Project("{FAE04EC0-301F-11D3-BF4B-00C04F79EFBC}") = "XamCurrency.iOS", "XamCurrency\XamCurrency.iOS\XamCurrency.iOS.csproj", "{F1C48FCB-5232-400F-81B7-4E746282C227}"
EndProject
Project("{FAE04EC0-301F-11D3-BF4B-00C04F79EFBC}") = "XamCurrency.UWP", "XamCurrency\XamCurrency.UWP\XamCurrency.UWP.csproj", "{36878EA2-8227-4218-BC36-460398A42475}"
EndProject
Global
	GlobalSection(SharedMSBuildProjectFiles) = preSolution
		XamCurrency\XamCurrency\XamCurrency.projitems*{030030a1-f608-4a89-9bad-3abfbcaa6be2}*SharedItemsImports = 4
		XamCurrency\XamCurrency\XamCurrency.projitems*{4ab02af5-6544-4cd0-8131-b32625997675}*SharedItemsImports = 13
		XamCurrency\XamCurrency\XamCurrency.projitems*{f1c48fcb-5232-400f-81b7-4e746282c227}*SharedItemsImports = 4
	EndGlobalSection
	GlobalSection(SolutionConfigurationPlatforms) = preSolution
		Ad-Hoc|Any CPU = Ad-Hoc|Any CPU
		Ad-Hoc|ARM = Ad-Hoc|ARM
		Ad-Hoc|iPhone = Ad-Hoc|iPhone
		Ad-Hoc|iPhoneSimulator = Ad-Hoc|iPhoneSimulator
		Ad-Hoc|x64 = Ad-Hoc|x64
		Ad-Hoc|x86 = Ad-Hoc|x86
		AppStore|Any CPU = AppStore|Any CPU
		AppStore|ARM = AppStore|ARM
		AppStore|iPhone = AppStore|iPhone
		AppStore|iPhoneSimulator = AppStore|iPhoneSimulator
		AppStore|x64 = AppStore|x64
		AppStore|x86 = AppStore|x86
		Debug|Any CPU = Debug|Any CPU
		Debug|ARM = Debug|ARM
		Debug|iPhone = Debug|iPhone
		Debug|iPhoneSimulator = Debug|iPhoneSimulator
		Debug|x64 = Debug|x64
		Debug|x86 = Debug|x86
		Release|Any CPU = Release|Any CPU
		Release|ARM = Release|ARM
		Release|iPhone = Release|iPhone
		Release|iPhoneSimulator = Release|iPhoneSimulator
		Release|x64 = Release|x64
		Release|x86 = Release|x86
	EndGlobalSection
	GlobalSection(ProjectConfigurationPlatforms) = postSolution
		{030030A1-F608-4A89-9BAD-3ABFBCAA6BE2}.Ad-Hoc|Any CPU.ActiveCfg = Release|Any CPU
		{030030A1-F608-4A89-9BAD-3ABFBCAA6BE2}.Ad-Hoc|Any CPU.Build.0 = Release|Any CPU
		{030030A1-F608-4A89-9BAD-3ABFBCAA6BE2}.Ad-Hoc|Any CPU.Deploy.0 = Release|Any CPU
		{030030A1-F608-4A89-9BAD-3ABFBCAA6BE2}.Ad-Hoc|ARM.ActiveCfg = Release|Any CPU
		{030030A1-F608-4A89-9BAD-3ABFBCAA6BE2}.Ad-Hoc|ARM.Build.0 = Release|Any CPU
		{030030A1-F608-4A89-9BAD-3ABFBCAA6BE2}.Ad-Hoc|ARM.Deploy.0 = Release|Any CPU
		{030030A1-F608-4A89-9BAD-3ABFBCAA6BE2}.Ad-Hoc|iPhone.ActiveCfg = Release|Any CPU
		{030030A1-F608-4A89-9BAD-3ABFBCAA6BE2}.Ad-Hoc|iPhone.Build.0 = Release|Any CPU
		{030030A1-F608-4A89-9BAD-3ABFBCAA6BE2}.Ad-Hoc|iPhone.Deploy.0 = Release|Any CPU
		{030030A1-F608-4A89-9BAD-3ABFBCAA6BE2}.Ad-Hoc|iPhoneSimulator.ActiveCfg = Release|Any CPU
		{030030A1-F608-4A89-9BAD-3ABFBCAA6BE2}.Ad-Hoc|iPhoneSimulator.Build.0 = Release|Any CPU
		{030030A1-F608-4A89-9BAD-3ABFBCAA6BE2}.Ad-Hoc|iPhoneSimulator.Deploy.0 = Release|Any CPU
		{030030A1-F608-4A89-9BAD-3ABFBCAA6BE2}.Ad-Hoc|x64.ActiveCfg = Release|Any CPU
		{030030A1-F608-4A89-9BAD-3ABFBCAA6BE2}.Ad-Hoc|x64.Build.0 = Release|Any CPU
		{030030A1-F608-4A89-9BAD-3ABFBCAA6BE2}.Ad-Hoc|x64.Deploy.0 = Release|Any CPU
		{030030A1-F608-4A89-9BAD-3ABFBCAA6BE2}.Ad-Hoc|x86.ActiveCfg = Release|Any CPU
		{030030A1-F608-4A89-9BAD-3ABFBCAA6BE2}.Ad-Hoc|x86.Build.0 = Release|Any CPU
		{030030A1-F608-4A89-9BAD-3ABFBCAA6BE2}.Ad-Hoc|x86.Deploy.0 = Release|Any CPU
		{030030A1-F608-4A89-9BAD-3ABFBCAA6BE2}.AppStore|Any CPU.ActiveCfg = Release|Any CPU
		{030030A1-F608-4A89-9BAD-3ABFBCAA6BE2}.AppStore|Any CPU.Build.0 = Release|Any CPU
		{030030A1-F608-4A89-9BAD-3ABFBCAA6BE2}.AppStore|Any CPU.Deploy.0 = Release|Any CPU
		{030030A1-F608-4A89-9BAD-3ABFBCAA6BE2}.AppStore|ARM.ActiveCfg = Release|Any CPU
		{030030A1-F608-4A89-9BAD-3ABFBCAA6BE2}.AppStore|ARM.Build.0 = Release|Any CPU
		{030030A1-F608-4A89-9BAD-3ABFBCAA6BE2}.AppStore|ARM.Deploy.0 = Release|Any CPU
		{030030A1-F608-4A89-9BAD-3ABFBCAA6BE2}.AppStore|iPhone.ActiveCfg = Release|Any CPU
		{030030A1-F608-4A89-9BAD-3ABFBCAA6BE2}.AppStore|iPhone.Build.0 = Release|Any CPU
		{030030A1-F608-4A89-9BAD-3ABFBCAA6BE2}.AppStore|iPhone.Deploy.0 = Release|Any CPU
		{030030A1-F608-4A89-9BAD-3ABFBCAA6BE2}.AppStore|iPhoneSimulator.ActiveCfg = Release|Any CPU
		{030030A1-F608-4A89-9BAD-3ABFBCAA6BE2}.AppStore|iPhoneSimulator.Build.0 = Release|Any CPU
		{030030A1-F608-4A89-9BAD-3ABFBCAA6BE2}.AppStore|iPhoneSimulator.Deploy.0 = Release|Any CPU
		{030030A1-F608-4A89-9BAD-3ABFBCAA6BE2}.AppStore|x64.ActiveCfg = Release|Any CPU
		{030030A1-F608-4A89-9BAD-3ABFBCAA6BE2}.AppStore|x64.Build.0 = Release|Any CPU
		{030030A1-F608-4A89-9BAD-3ABFBCAA6BE2}.AppStore|x64.Deploy.0 = Release|Any CPU
		{030030A1-F608-4A89-9BAD-3ABFBCAA6BE2}.AppStore|x86.ActiveCfg = Release|Any CPU
		{030030A1-F608-4A89-9BAD-3ABFBCAA6BE2}.AppStore|x86.Build.0 = Release|Any CPU
		{030030A1-F608-4A89-9BAD-3ABFBCAA6BE2}.AppStore|x86.Deploy.0 = Release|Any CPU
		{030030A1-F608-4A89-9BAD-3ABFBCAA6BE2}.Debug|Any CPU.ActiveCfg = Debug|Any CPU
		{030030A1-F608-4A89-9BAD-3ABFBCAA6BE2}.Debug|Any CPU.Build.0 = Debug|Any CPU
		{030030A1-F608-4A89-9BAD-3ABFBCAA6BE2}.Debug|Any CPU.Deploy.0 = Debug|Any CPU
		{030030A1-F608-4A89-9BAD-3ABFBCAA6BE2}.Debug|ARM.ActiveCfg = Debug|Any CPU
		{030030A1-F608-4A89-9BAD-3ABFBCAA6BE2}.Debug|ARM.Build.0 = Debug|Any CPU
		{030030A1-F608-4A89-9BAD-3ABFBCAA6BE2}.Debug|ARM.Deploy.0 = Debug|Any CPU
		{030030A1-F608-4A89-9BAD-3ABFBCAA6BE2}.Debug|iPhone.ActiveCfg = Debug|Any CPU
		{030030A1-F608-4A89-9BAD-3ABFBCAA6BE2}.Debug|iPhone.Build.0 = Debug|Any CPU
		{030030A1-F608-4A89-9BAD-3ABFBCAA6BE2}.Debug|iPhone.Deploy.0 = Debug|Any CPU
		{030030A1-F608-4A89-9BAD-3ABFBCAA6BE2}.Debug|iPhoneSimulator.ActiveCfg = Debug|Any CPU
		{030030A1-F608-4A89-9BAD-3ABFBCAA6BE2}.Debug|iPhoneSimulator.Build.0 = Debug|Any CPU
		{030030A1-F608-4A89-9BAD-3ABFBCAA6BE2}.Debug|iPhoneSimulator.Deploy.0 = Debug|Any CPU
		{030030A1-F608-4A89-9BAD-3ABFBCAA6BE2}.Debug|x64.ActiveCfg = Debug|Any CPU
		{030030A1-F608-4A89-9BAD-3ABFBCAA6BE2}.Debug|x64.Build.0 = Debug|Any CPU
		{030030A1-F608-4A89-9BAD-3ABFBCAA6BE2}.Debug|x64.Deploy.0 = Debug|Any CPU
		{030030A1-F608-4A89-9BAD-3ABFBCAA6BE2}.Debug|x86.ActiveCfg = Debug|Any CPU
		{030030A1-F608-4A89-9BAD-3ABFBCAA6BE2}.Debug|x86.Build.0 = Debug|Any CPU
		{030030A1-F608-4A89-9BAD-3ABFBCAA6BE2}.Debug|x86.Deploy.0 = Debug|Any CPU
		{030030A1-F608-4A89-9BAD-3ABFBCAA6BE2}.Release|Any CPU.ActiveCfg = Release|Any CPU
		{030030A1-F608-4A89-9BAD-3ABFBCAA6BE2}.Release|Any CPU.Build.0 = Release|Any CPU
		{030030A1-F608-4A89-9BAD-3ABFBCAA6BE2}.Release|Any CPU.Deploy.0 = Release|Any CPU
		{030030A1-F608-4A89-9BAD-3ABFBCAA6BE2}.Release|ARM.ActiveCfg = Release|Any CPU
		{030030A1-F608-4A89-9BAD-3ABFBCAA6BE2}.Release|ARM.Build.0 = Release|Any CPU
		{030030A1-F608-4A89-9BAD-3ABFBCAA6BE2}.Release|ARM.Deploy.0 = Release|Any CPU
		{030030A1-F608-4A89-9BAD-3ABFBCAA6BE2}.Release|iPhone.ActiveCfg = Release|Any CPU
		{030030A1-F608-4A89-9BAD-3ABFBCAA6BE2}.Release|iPhone.Build.0 = Release|Any CPU
		{030030A1-F608-4A89-9BAD-3ABFBCAA6BE2}.Release|iPhone.Deploy.0 = Release|Any CPU
		{030030A1-F608-4A89-9BAD-3ABFBCAA6BE2}.Release|iPhoneSimulator.ActiveCfg = Release|Any CPU
		{030030A1-F608-4A89-9BAD-3ABFBCAA6BE2}.Release|iPhoneSimulator.Build.0 = Release|Any CPU
		{030030A1-F608-4A89-9BAD-3ABFBCAA6BE2}.Release|iPhoneSimulator.Deploy.0 = Release|Any CPU
		{030030A1-F608-4A89-9BAD-3ABFBCAA6BE2}.Release|x64.ActiveCfg = Release|Any CPU
		{030030A1-F608-4A89-9BAD-3ABFBCAA6BE2}.Release|x64.Build.0 = Release|Any CPU
		{030030A1-F608-4A89-9BAD-3ABFBCAA6BE2}.Release|x64.Deploy.0 = Release|Any CPU
		{030030A1-F608-4A89-9BAD-3ABFBCAA6BE2}.Release|x86.ActiveCfg = Release|Any CPU
		{030030A1-F608-4A89-9BAD-3ABFBCAA6BE2}.Release|x86.Build.0 = Release|Any CPU
		{030030A1-F608-4A89-9BAD-3ABFBCAA6BE2}.Release|x86.Deploy.0 = Release|Any CPU
		{F1C48FCB-5232-400F-81B7-4E746282C227}.Ad-Hoc|Any CPU.ActiveCfg = Ad-Hoc|iPhone
		{F1C48FCB-5232-400F-81B7-4E746282C227}.Ad-Hoc|ARM.ActiveCfg = Ad-Hoc|iPhone
		{F1C48FCB-5232-400F-81B7-4E746282C227}.Ad-Hoc|iPhone.ActiveCfg = Ad-Hoc|iPhone
		{F1C48FCB-5232-400F-81B7-4E746282C227}.Ad-Hoc|iPhone.Build.0 = Ad-Hoc|iPhone
		{F1C48FCB-5232-400F-81B7-4E746282C227}.Ad-Hoc|iPhoneSimulator.ActiveCfg = Ad-Hoc|iPhoneSimulator
		{F1C48FCB-5232-400F-81B7-4E746282C227}.Ad-Hoc|iPhoneSimulator.Build.0 = Ad-Hoc|iPhoneSimulator
		{F1C48FCB-5232-400F-81B7-4E746282C227}.Ad-Hoc|x64.ActiveCfg = Ad-Hoc|iPhone
		{F1C48FCB-5232-400F-81B7-4E746282C227}.Ad-Hoc|x86.ActiveCfg = Ad-Hoc|iPhone
		{F1C48FCB-5232-400F-81B7-4E746282C227}.AppStore|Any CPU.ActiveCfg = AppStore|iPhone
		{F1C48FCB-5232-400F-81B7-4E746282C227}.AppStore|ARM.ActiveCfg = AppStore|iPhone
		{F1C48FCB-5232-400F-81B7-4E746282C227}.AppStore|iPhone.ActiveCfg = AppStore|iPhone
		{F1C48FCB-5232-400F-81B7-4E746282C227}.AppStore|iPhone.Build.0 = AppStore|iPhone
		{F1C48FCB-5232-400F-81B7-4E746282C227}.AppStore|iPhoneSimulator.ActiveCfg = AppStore|iPhoneSimulator
		{F1C48FCB-5232-400F-81B7-4E746282C227}.AppStore|iPhoneSimulator.Build.0 = AppStore|iPhoneSimulator
		{F1C48FCB-5232-400F-81B7-4E746282C227}.AppStore|x64.ActiveCfg = AppStore|iPhone
		{F1C48FCB-5232-400F-81B7-4E746282C227}.AppStore|x86.ActiveCfg = AppStore|iPhone
		{F1C48FCB-5232-400F-81B7-4E746282C227}.Debug|Any CPU.ActiveCfg = Debug|iPhone
		{F1C48FCB-5232-400F-81B7-4E746282C227}.Debug|ARM.ActiveCfg = Debug|iPhone
		{F1C48FCB-5232-400F-81B7-4E746282C227}.Debug|iPhone.ActiveCfg = Debug|iPhone
		{F1C48FCB-5232-400F-81B7-4E746282C227}.Debug|iPhone.Build.0 = Debug|iPhone
		{F1C48FCB-5232-400F-81B7-4E746282C227}.Debug|iPhoneSimulator.ActiveCfg = Debug|iPhoneSimulator
		{F1C48FCB-5232-400F-81B7-4E746282C227}.Debug|iPhoneSimulator.Build.0 = Debug|iPhoneSimulator
		{F1C48FCB-5232-400F-81B7-4E746282C227}.Debug|x64.ActiveCfg = Debug|iPhone
		{F1C48FCB-5232-400F-81B7-4E746282C227}.Debug|x86.ActiveCfg = Debug|iPhone
		{F1C48FCB-5232-400F-81B7-4E746282C227}.Release|Any CPU.ActiveCfg = Release|iPhone
		{F1C48FCB-5232-400F-81B7-4E746282C227}.Release|ARM.ActiveCfg = Release|iPhone
		{F1C48FCB-5232-400F-81B7-4E746282C227}.Release|iPhone.ActiveCfg = Release|iPhone
		{F1C48FCB-5232-400F-81B7-4E746282C227}.Release|iPhone.Build.0 = Release|iPhone
		{F1C48FCB-5232-400F-81B7-4E746282C227}.Release|iPhoneSimulator.ActiveCfg = Release|iPhoneSimulator
		{F1C48FCB-5232-400F-81B7-4E746282C227}.Release|iPhoneSimulator.Build.0 = Release|iPhoneSimulator
		{F1C48FCB-5232-400F-81B7-4E746282C227}.Release|x64.ActiveCfg = Release|iPhone
		{F1C48FCB-5232-400F-81B7-4E746282C227}.Release|x86.ActiveCfg = Release|iPhone
		{36878EA2-8227-4218-BC36-460398A42475}.Ad-Hoc|Any CPU.ActiveCfg = Release|x86
		{36878EA2-8227-4218-BC36-460398A42475}.Ad-Hoc|Any CPU.Build.0 = Release|x86
		{36878EA2-8227-4218-BC36-460398A42475}.Ad-Hoc|Any CPU.Deploy.0 = Release|x86
		{36878EA2-8227-4218-BC36-460398A42475}.Ad-Hoc|ARM.ActiveCfg = Release|ARM
		{36878EA2-8227-4218-BC36-460398A42475}.Ad-Hoc|ARM.Build.0 = Release|ARM
		{36878EA2-8227-4218-BC36-460398A42475}.Ad-Hoc|ARM.Deploy.0 = Release|ARM
		{36878EA2-8227-4218-BC36-460398A42475}.Ad-Hoc|iPhone.ActiveCfg = Release|x86
		{36878EA2-8227-4218-BC36-460398A42475}.Ad-Hoc|iPhone.Build.0 = Release|x86
		{36878EA2-8227-4218-BC36-460398A42475}.Ad-Hoc|iPhone.Deploy.0 = Release|x86
		{36878EA2-8227-4218-BC36-460398A42475}.Ad-Hoc|iPhoneSimulator.ActiveCfg = Release|x86
		{36878EA2-8227-4218-BC36-460398A42475}.Ad-Hoc|iPhoneSimulator.Build.0 = Release|x86
		{36878EA2-8227-4218-BC36-460398A42475}.Ad-Hoc|iPhoneSimulator.Deploy.0 = Release|x86
		{36878EA2-8227-4218-BC36-460398A42475}.Ad-Hoc|x64.ActiveCfg = Release|x64
		{36878EA2-8227-4218-BC36-460398A42475}.Ad-Hoc|x64.Build.0 = Release|x64
		{36878EA2-8227-4218-BC36-460398A42475}.Ad-Hoc|x64.Deploy.0 = Release|x64
		{36878EA2-8227-4218-BC36-460398A42475}.Ad-Hoc|x86.ActiveCfg = Release|x86
		{36878EA2-8227-4218-BC36-460398A42475}.Ad-Hoc|x86.Build.0 = Release|x86
		{36878EA2-8227-4218-BC36-460398A42475}.Ad-Hoc|x86.Deploy.0 = Release|x86
		{36878EA2-8227-4218-BC36-460398A42475}.AppStore|Any CPU.ActiveCfg = Release|x86
		{36878EA2-8227-4218-BC36-460398A42475}.AppStore|Any CPU.Build.0 = Release|x86
		{36878EA2-8227-4218-BC36-460398A42475}.AppStore|Any CPU.Deploy.0 = Release|x86
		{36878EA2-8227-4218-BC36-460398A42475}.AppStore|ARM.ActiveCfg = Release|ARM
		{36878EA2-8227-4218-BC36-460398A42475}.AppStore|ARM.Build.0 = Release|ARM
		{36878EA2-8227-4218-BC36-460398A42475}.AppStore|ARM.Deploy.0 = Release|ARM
		{36878EA2-8227-4218-BC36-460398A42475}.AppStore|iPhone.ActiveCfg = Release|x86
		{36878EA2-8227-4218-BC36-460398A42475}.AppStore|iPhone.Build.0 = Release|x86
		{36878EA2-8227-4218-BC36-460398A42475}.AppStore|iPhone.Deploy.0 = Release|x86
		{36878EA2-8227-4218-BC36-460398A42475}.AppStore|iPhoneSimulator.ActiveCfg = Release|x86
		{36878EA2-8227-4218-BC36-460398A42475}.AppStore|iPhoneSimulator.Build.0 = Release|x86
		{36878EA2-8227-4218-BC36-460398A42475}.AppStore|iPhoneSimulator.Deploy.0 = Release|x86
		{36878EA2-8227-4218-BC36-460398A42475}.AppStore|x64.ActiveCfg = Release|x64
		{36878EA2-8227-4218-BC36-460398A42475}.AppStore|x64.Build.0 = Release|x64
		{36878EA2-8227-4218-BC36-460398A42475}.AppStore|x64.Deploy.0 = Release|x64
		{36878EA2-8227-4218-BC36-460398A42475}.AppStore|x86.ActiveCfg = Release|x86
		{36878EA2-8227-4218-BC36-460398A42475}.AppStore|x86.Build.0 = Release|x86
		{36878EA2-8227-4218-BC36-460398A42475}.AppStore|x86.Deploy.0 = Release|x86
		{36878EA2-8227-4218-BC36-460398A42475}.Debug|Any CPU.ActiveCfg = Debug|x86
		{36878EA2-8227-4218-BC36-460398A42475}.Debug|ARM.ActiveCfg = Debug|ARM
		{36878EA2-8227-4218-BC36-460398A42475}.Debug|ARM.Build.0 = Debug|ARM
		{36878EA2-8227-4218-BC36-460398A42475}.Debug|ARM.Deploy.0 = Debug|ARM
		{36878EA2-8227-4218-BC36-460398A42475}.Debug|iPhone.ActiveCfg = Debug|x86
		{36878EA2-8227-4218-BC36-460398A42475}.Debug|iPhoneSimulator.ActiveCfg = Debug|x86
		{36878EA2-8227-4218-BC36-460398A42475}.Debug|x64.ActiveCfg = Debug|x64
		{36878EA2-8227-4218-BC36-460398A42475}.Debug|x64.Build.0 = Debug|x64
		{36878EA2-8227-4218-BC36-460398A42475}.Debug|x64.Deploy.0 = Debug|x64
		{36878EA2-8227-4218-BC36-460398A42475}.Debug|x86.ActiveCfg = Debug|x86
		{36878EA2-8227-4218-BC36-460398A42475}.Debug|x86.Build.0 = Debug|x86
		{36878EA2-8227-4218-BC36-460398A42475}.Debug|x86.Deploy.0 = Debug|x86
		{36878EA2-8227-4218-BC36-460398A42475}.Release|Any CPU.ActiveCfg = Release|x86
		{36878EA2-8227-4218-BC36-460398A42475}.Release|ARM.ActiveCfg = Release|ARM
		{36878EA2-8227-4218-BC36-460398A42475}.Release|ARM.Build.0 = Release|ARM
		{36878EA2-8227-4218-BC36-460398A42475}.Release|ARM.Deploy.0 = Release|ARM
		{36878EA2-8227-4218-BC36-460398A42475}.Release|iPhone.ActiveCfg = Release|x86
		{36878EA2-8227-4218-BC36-460398A42475}.Release|iPhoneSimulator.ActiveCfg = Release|x86
		{36878EA2-8227-4218-BC36-460398A42475}.Release|x64.ActiveCfg = Release|x64
		{36878EA2-8227-4218-BC36-460398A42475}.Release|x64.Build.0 = Release|x64
		{36878EA2-8227-4218-BC36-460398A42475}.Release|x64.Deploy.0 = Release|x64
		{36878EA2-8227-4218-BC36-460398A42475}.Release|x86.ActiveCfg = Release|x86
		{36878EA2-8227-4218-BC36-460398A42475}.Release|x86.Build.0 = Release|x86
		{36878EA2-8227-4218-BC36-460398A42475}.Release|x86.Deploy.0 = Release|x86
	EndGlobalSection
	GlobalSection(SolutionProperties) = preSolution
		HideSolutionNode = FALSE
	EndGlobalSection
EndGlobal
